
Microsoft Visual Studio Solution File, Format Version 12.00
# Visual Studio Version 16
VisualStudioVersion = 16.0.31402.337
MinimumVisualStudioVersion = 10.0.40219.1
Project("{9A19103F-16F7-4668-BE54-9A1E7A4F7556}") = "UserLogin", "UserLogin\UserLogin.csproj", "{6B3A3E6E-0211-47AB-85C6-942464F33F48}"
EndProject
Project("{FAE04EC0-301F-11D3-BF4B-00C04F79EFBC}") = "WPFhello", "WPFhello\WPFhello.csproj", "{27A1BE8F-4FC9-4B7D-9F76-44B7C7CB4094}"
EndProject
Project("{FAE04EC0-301F-11D3-BF4B-00C04F79EFBC}") = "StudentInfoSystem", "StudentInfoSystem\StudentInfoSystem.csproj", "{E647DCA3-A919-4853-83C9-7F8AFCD31951}"
EndProject
Global
	GlobalSection(SolutionConfigurationPlatforms) = preSolution
		Debug|Any CPU = Debug|Any CPU
		Release|Any CPU = Release|Any CPU
	EndGlobalSection
	GlobalSection(ProjectConfigurationPlatforms) = postSolution
		{6B3A3E6E-0211-47AB-85C6-942464F33F48}.Debug|Any CPU.ActiveCfg = Debug|Any CPU
		{6B3A3E6E-0211-47AB-85C6-942464F33F48}.Debug|Any CPU.Build.0 = Debug|Any CPU
		{6B3A3E6E-0211-47AB-85C6-942464F33F48}.Release|Any CPU.ActiveCfg = Release|Any CPU
		{6B3A3E6E-0211-47AB-85C6-942464F33F48}.Release|Any CPU.Build.0 = Release|Any CPU
		{27A1BE8F-4FC9-4B7D-9F76-44B7C7CB4094}.Debug|Any CPU.ActiveCfg = Debug|Any CPU
		{27A1BE8F-4FC9-4B7D-9F76-44B7C7CB4094}.Debug|Any CPU.Build.0 = Debug|Any CPU
		{27A1BE8F-4FC9-4B7D-9F76-44B7C7CB4094}.Release|Any CPU.ActiveCfg = Release|Any CPU
		{27A1BE8F-4FC9-4B7D-9F76-44B7C7CB4094}.Release|Any CPU.Build.0 = Release|Any CPU
		{E647DCA3-A919-4853-83C9-7F8AFCD31951}.Debug|Any CPU.ActiveCfg = Debug|Any CPU
		{E647DCA3-A919-4853-83C9-7F8AFCD31951}.Debug|Any CPU.Build.0 = Debug|Any CPU
		{E647DCA3-A919-4853-83C9-7F8AFCD31951}.Release|Any CPU.ActiveCfg = Release|Any CPU
		{E647DCA3-A919-4853-83C9-7F8AFCD31951}.Release|Any CPU.Build.0 = Release|Any CPU
	EndGlobalSection
	GlobalSection(SolutionProperties) = preSolution
		HideSolutionNode = FALSE
	EndGlobalSection
	GlobalSection(ExtensibilityGlobals) = postSolution
		SolutionGuid = {8CE411A3-2CA9-4EB5-BCB9-1E5236FEEBCB}
	EndGlobalSection
EndGlobal
